
Microsoft Visual Studio Solution File, Format Version 12.00
# Visual Studio Version 16
VisualStudioVersion = 16.0.31729.503
MinimumVisualStudioVersion = 10.0.40219.1
Project("{8BC9CEB8-8B4A-11D0-8D11-00A0C91BC942}") = "FirstProject", "FirstProject\FirstProject.vcxproj", "{A8060E5C-947F-4FBD-B5B4-D05EBD55CD3E}"
EndProject
Project("{8BC9CEB8-8B4A-11D0-8D11-00A0C91BC942}") = "VulkanInstance", "VulkanInstance\VulkanInstance.vcxproj", "{677D8C78-0188-4865-BCC2-975930ABDA38}"
EndProject
Project("{8BC9CEB8-8B4A-11D0-8D11-00A0C91BC942}") = "Surface", "Surface\Surface.vcxproj", "{C2A89695-BC6F-46A8-8A50-A5D98AFCA844}"
EndProject
Project("{8BC9CEB8-8B4A-11D0-8D11-00A0C91BC942}") = "ShaderModules", "ShaderModules\ShaderModules.vcxproj", "{17F220B7-24CC-4DAB-8BA7-EBE8D28EACBC}"
EndProject
Global
	GlobalSection(SolutionConfigurationPlatforms) = preSolution
		Debug|x64 = Debug|x64
		Debug|x86 = Debug|x86
		Release|x64 = Release|x64
		Release|x86 = Release|x86
	EndGlobalSection
	GlobalSection(ProjectConfigurationPlatforms) = postSolution
		{A8060E5C-947F-4FBD-B5B4-D05EBD55CD3E}.Debug|x64.ActiveCfg = Debug|x64
		{A8060E5C-947F-4FBD-B5B4-D05EBD55CD3E}.Debug|x64.Build.0 = Debug|x64
		{A8060E5C-947F-4FBD-B5B4-D05EBD55CD3E}.Debug|x86.ActiveCfg = Debug|Win32
		{A8060E5C-947F-4FBD-B5B4-D05EBD55CD3E}.Debug|x86.Build.0 = Debug|Win32
		{A8060E5C-947F-4FBD-B5B4-D05EBD55CD3E}.Release|x64.ActiveCfg = Release|x64
		{A8060E5C-947F-4FBD-B5B4-D05EBD55CD3E}.Release|x64.Build.0 = Release|x64
		{A8060E5C-947F-4FBD-B5B4-D05EBD55CD3E}.Release|x86.ActiveCfg = Release|Win32
		{A8060E5C-947F-4FBD-B5B4-D05EBD55CD3E}.Release|x86.Build.0 = Release|Win32
		{677D8C78-0188-4865-BCC2-975930ABDA38}.Debug|x64.ActiveCfg = Debug|x64
		{677D8C78-0188-4865-BCC2-975930ABDA38}.Debug|x64.Build.0 = Debug|x64
		{677D8C78-0188-4865-BCC2-975930ABDA38}.Debug|x86.ActiveCfg = Debug|Win32
		{677D8C78-0188-4865-BCC2-975930ABDA38}.Debug|x86.Build.0 = Debug|Win32
		{677D8C78-0188-4865-BCC2-975930ABDA38}.Release|x64.ActiveCfg = Release|x64
		{677D8C78-0188-4865-BCC2-975930ABDA38}.Release|x64.Build.0 = Release|x64
		{677D8C78-0188-4865-BCC2-975930ABDA38}.Release|x86.ActiveCfg = Release|Win32
		{677D8C78-0188-4865-BCC2-975930ABDA38}.Release|x86.Build.0 = Release|Win32
		{C2A89695-BC6F-46A8-8A50-A5D98AFCA844}.Debug|x64.ActiveCfg = Debug|x64
		{C2A89695-BC6F-46A8-8A50-A5D98AFCA844}.Debug|x64.Build.0 = Debug|x64
		{C2A89695-BC6F-46A8-8A50-A5D98AFCA844}.Debug|x86.ActiveCfg = Debug|Win32
		{C2A89695-BC6F-46A8-8A50-A5D98AFCA844}.Debug|x86.Build.0 = Debug|Win32
		{C2A89695-BC6F-46A8-8A50-A5D98AFCA844}.Release|x64.ActiveCfg = Release|x64
		{C2A89695-BC6F-46A8-8A50-A5D98AFCA844}.Release|x64.Build.0 = Release|x64
		{C2A89695-BC6F-46A8-8A50-A5D98AFCA844}.Release|x86.ActiveCfg = Release|Win32
		{C2A89695-BC6F-46A8-8A50-A5D98AFCA844}.Release|x86.Build.0 = Release|Win32
		{17F220B7-24CC-4DAB-8BA7-EBE8D28EACBC}.Debug|x64.ActiveCfg = Debug|x64
		{17F220B7-24CC-4DAB-8BA7-EBE8D28EACBC}.Debug|x64.Build.0 = Debug|x64
		{17F220B7-24CC-4DAB-8BA7-EBE8D28EACBC}.Debug|x86.ActiveCfg = Debug|Win32
		{17F220B7-24CC-4DAB-8BA7-EBE8D28EACBC}.Debug|x86.Build.0 = Debug|Win32
		{17F220B7-24CC-4DAB-8BA7-EBE8D28EACBC}.Release|x64.ActiveCfg = Release|x64
		{17F220B7-24CC-4DAB-8BA7-EBE8D28EACBC}.Release|x64.Build.0 = Release|x64
		{17F220B7-24CC-4DAB-8BA7-EBE8D28EACBC}.Release|x86.ActiveCfg = Release|Win32
		{17F220B7-24CC-4DAB-8BA7-EBE8D28EACBC}.Release|x86.Build.0 = Release|Win32
	EndGlobalSection
	GlobalSection(SolutionProperties) = preSolution
		HideSolutionNode = FALSE
	EndGlobalSection
	GlobalSection(ExtensibilityGlobals) = postSolution
		SolutionGuid = {87DCF9CA-BEB6-47A5-B3E8-BBA05BE5ED1D}
	EndGlobalSection
EndGlobal
